
Microsoft Visual Studio Solution File, Format Version 12.00
# Visual Studio 14
VisualStudioVersion = 14.0.25123.0
MinimumVisualStudioVersion = 10.0.40219.1
Project("{FAE04EC0-301F-11D3-BF4B-00C04F79EFBC}") = "PSO_GUI", "PSO_GUI\PSO_GUI.csproj", "{5CF9DCE7-119C-404B-8BD4-B4CFEA9831B8}"
EndProject
Project("{FAE04EC0-301F-11D3-BF4B-00C04F79EFBC}") = "PSO_Algorithm", "PSO_Algorithm\PSO_Algorithm.csproj", "{021DCC85-D506-4010-834B-7AC5B8D03525}"
EndProject
Global
	GlobalSection(SolutionConfigurationPlatforms) = preSolution
		Debug|Any CPU = Debug|Any CPU
		Release|Any CPU = Release|Any CPU
	EndGlobalSection
	GlobalSection(ProjectConfigurationPlatforms) = postSolution
		{5CF9DCE7-119C-404B-8BD4-B4CFEA9831B8}.Debug|Any CPU.ActiveCfg = Debug|Any CPU
		{5CF9DCE7-119C-404B-8BD4-B4CFEA9831B8}.Debug|Any CPU.Build.0 = Debug|Any CPU
		{5CF9DCE7-119C-404B-8BD4-B4CFEA9831B8}.Release|Any CPU.ActiveCfg = Release|Any CPU
		{5CF9DCE7-119C-404B-8BD4-B4CFEA9831B8}.Release|Any CPU.Build.0 = Release|Any CPU
		{021DCC85-D506-4010-834B-7AC5B8D03525}.Debug|Any CPU.ActiveCfg = Debug|Any CPU
		{021DCC85-D506-4010-834B-7AC5B8D03525}.Debug|Any CPU.Build.0 = Debug|Any CPU
		{021DCC85-D506-4010-834B-7AC5B8D03525}.Release|Any CPU.ActiveCfg = Release|Any CPU
		{021DCC85-D506-4010-834B-7AC5B8D03525}.Release|Any CPU.Build.0 = Release|Any CPU
		{021DCC85-D506-4010-834B-7AC5B8D03525}.Release|Any CPU.Deploy.0 = Release|Any CPU
	EndGlobalSection
	GlobalSection(SolutionProperties) = preSolution
		HideSolutionNode = FALSE
	EndGlobalSection
EndGlobal
